
Microsoft Visual Studio Solution File, Format Version 12.00
# Visual Studio Version 17
VisualStudioVersion = 17.10.35122.118
MinimumVisualStudioVersion = 10.0.40219.1
Project("{FAE04EC0-301F-11D3-BF4B-00C04F79EFBC}") = "HealthTrak.Client", "HealthTrak.Client\HealthTrak.Client.csproj", "{C5AECE20-3A8E-47CB-B5CE-2F3981DEEFBB}"
EndProject
Global
	GlobalSection(SolutionConfigurationPlatforms) = preSolution
		Debug|Any CPU = Debug|Any CPU
		Release|Any CPU = Release|Any CPU
	EndGlobalSection
	GlobalSection(ProjectConfigurationPlatforms) = postSolution
		{C5AECE20-3A8E-47CB-B5CE-2F3981DEEFBB}.Debug|Any CPU.ActiveCfg = Debug|Any CPU
		{C5AECE20-3A8E-47CB-B5CE-2F3981DEEFBB}.Debug|Any CPU.Build.0 = Debug|Any CPU
		{C5AECE20-3A8E-47CB-B5CE-2F3981DEEFBB}.Release|Any CPU.ActiveCfg = Release|Any CPU
		{C5AECE20-3A8E-47CB-B5CE-2F3981DEEFBB}.Release|Any CPU.Build.0 = Release|Any CPU
	EndGlobalSection
	GlobalSection(SolutionProperties) = preSolution
		HideSolutionNode = FALSE
	EndGlobalSection
	GlobalSection(ExtensibilityGlobals) = postSolution
		SolutionGuid = {ECCAF18C-B4BC-4600-9A69-677C75FDB99D}
	EndGlobalSection
EndGlobal
