
Microsoft Visual Studio Solution File, Format Version 12.00
# Visual Studio Version 17
VisualStudioVersion = 17.10.35122.118
MinimumVisualStudioVersion = 10.0.40219.1
Project("{9A19103F-16F7-4668-BE54-9A1E7A4F7556}") = "HealthTrak.Server", "HealthTrak.Server\HealthTrak.Server.csproj", "{A54F6535-8F54-432A-AEDF-47D126BD8F0B}"
EndProject
Project("{FAE04EC0-301F-11D3-BF4B-00C04F79EFBC}") = "HealthTrak.Test", "HealthTrak.Test\HealthTrak.Test.csproj", "{144DF172-0F4E-4028-BB4A-54A43AEC1D7E}"
EndProject
Global
	GlobalSection(SolutionConfigurationPlatforms) = preSolution
		Debug|Any CPU = Debug|Any CPU
		Release|Any CPU = Release|Any CPU
	EndGlobalSection
	GlobalSection(ProjectConfigurationPlatforms) = postSolution
		{A54F6535-8F54-432A-AEDF-47D126BD8F0B}.Debug|Any CPU.ActiveCfg = Debug|Any CPU
		{A54F6535-8F54-432A-AEDF-47D126BD8F0B}.Debug|Any CPU.Build.0 = Debug|Any CPU
		{A54F6535-8F54-432A-AEDF-47D126BD8F0B}.Release|Any CPU.ActiveCfg = Release|Any CPU
		{A54F6535-8F54-432A-AEDF-47D126BD8F0B}.Release|Any CPU.Build.0 = Release|Any CPU
		{144DF172-0F4E-4028-BB4A-54A43AEC1D7E}.Debug|Any CPU.ActiveCfg = Debug|Any CPU
		{144DF172-0F4E-4028-BB4A-54A43AEC1D7E}.Debug|Any CPU.Build.0 = Debug|Any CPU
		{144DF172-0F4E-4028-BB4A-54A43AEC1D7E}.Release|Any CPU.ActiveCfg = Release|Any CPU
		{144DF172-0F4E-4028-BB4A-54A43AEC1D7E}.Release|Any CPU.Build.0 = Release|Any CPU
	EndGlobalSection
	GlobalSection(SolutionProperties) = preSolution
		HideSolutionNode = FALSE
	EndGlobalSection
	GlobalSection(ExtensibilityGlobals) = postSolution
		SolutionGuid = {EBDF8949-34A5-4E2A-BFEB-E2500A6D0554}
	EndGlobalSection
EndGlobal
